
Microsoft Visual Studio Solution File, Format Version 12.00
# Visual Studio Version 16
VisualStudioVersion = 16.0.32002.261
MinimumVisualStudioVersion = 10.0.40219.1
Project("{FAE04EC0-301F-11D3-BF4B-00C04F79EFBC}") = "Blok1_task5", "Blok1_task5.csproj", "{7CE16205-54B3-469C-91FC-C20D7D339892}"
EndProject
Global
	GlobalSection(SolutionConfigurationPlatforms) = preSolution
		Debug|Any CPU = Debug|Any CPU
		Release|Any CPU = Release|Any CPU
	EndGlobalSection
	GlobalSection(ProjectConfigurationPlatforms) = postSolution
		{7CE16205-54B3-469C-91FC-C20D7D339892}.Debug|Any CPU.ActiveCfg = Debug|Any CPU
		{7CE16205-54B3-469C-91FC-C20D7D339892}.Debug|Any CPU.Build.0 = Debug|Any CPU
		{7CE16205-54B3-469C-91FC-C20D7D339892}.Release|Any CPU.ActiveCfg = Release|Any CPU
		{7CE16205-54B3-469C-91FC-C20D7D339892}.Release|Any CPU.Build.0 = Release|Any CPU
	EndGlobalSection
	GlobalSection(SolutionProperties) = preSolution
		HideSolutionNode = FALSE
	EndGlobalSection
	GlobalSection(ExtensibilityGlobals) = postSolution
		SolutionGuid = {C1676024-0713-40EA-A707-4FF2F06A18EB}
	EndGlobalSection
EndGlobal
