
Microsoft Visual Studio Solution File, Format Version 12.00
# Visual Studio Version 16
VisualStudioVersion = 16.0.32002.261
MinimumVisualStudioVersion = 10.0.40219.1
Project("{FAE04EC0-301F-11D3-BF4B-00C04F79EFBC}") = "Blok3_task4", "Blok3_task4.csproj", "{DD2D35F2-51FC-4C84-8D11-06C944608525}"
EndProject
Global
	GlobalSection(SolutionConfigurationPlatforms) = preSolution
		Debug|Any CPU = Debug|Any CPU
		Release|Any CPU = Release|Any CPU
	EndGlobalSection
	GlobalSection(ProjectConfigurationPlatforms) = postSolution
		{DD2D35F2-51FC-4C84-8D11-06C944608525}.Debug|Any CPU.ActiveCfg = Debug|Any CPU
		{DD2D35F2-51FC-4C84-8D11-06C944608525}.Debug|Any CPU.Build.0 = Debug|Any CPU
		{DD2D35F2-51FC-4C84-8D11-06C944608525}.Release|Any CPU.ActiveCfg = Release|Any CPU
		{DD2D35F2-51FC-4C84-8D11-06C944608525}.Release|Any CPU.Build.0 = Release|Any CPU
	EndGlobalSection
	GlobalSection(SolutionProperties) = preSolution
		HideSolutionNode = FALSE
	EndGlobalSection
	GlobalSection(ExtensibilityGlobals) = postSolution
		SolutionGuid = {4F6A2E12-D612-4569-A807-A6B960DDA4CE}
	EndGlobalSection
EndGlobal
