
Microsoft Visual Studio Solution File, Format Version 12.00
# Visual Studio Version 16
VisualStudioVersion = 16.0.32002.261
MinimumVisualStudioVersion = 10.0.40219.1
Project("{FAE04EC0-301F-11D3-BF4B-00C04F79EFBC}") = "blok2_task3", "blok2_task3.csproj", "{14FA3E29-5998-47AE-AC9F-CA559B134551}"
EndProject
Global
	GlobalSection(SolutionConfigurationPlatforms) = preSolution
		Debug|Any CPU = Debug|Any CPU
		Release|Any CPU = Release|Any CPU
	EndGlobalSection
	GlobalSection(ProjectConfigurationPlatforms) = postSolution
		{14FA3E29-5998-47AE-AC9F-CA559B134551}.Debug|Any CPU.ActiveCfg = Debug|Any CPU
		{14FA3E29-5998-47AE-AC9F-CA559B134551}.Debug|Any CPU.Build.0 = Debug|Any CPU
		{14FA3E29-5998-47AE-AC9F-CA559B134551}.Release|Any CPU.ActiveCfg = Release|Any CPU
		{14FA3E29-5998-47AE-AC9F-CA559B134551}.Release|Any CPU.Build.0 = Release|Any CPU
	EndGlobalSection
	GlobalSection(SolutionProperties) = preSolution
		HideSolutionNode = FALSE
	EndGlobalSection
	GlobalSection(ExtensibilityGlobals) = postSolution
		SolutionGuid = {92A540DF-3D6E-4038-AF4B-7348FD00223D}
	EndGlobalSection
EndGlobal
