
Microsoft Visual Studio Solution File, Format Version 12.00
# Visual Studio Version 16
VisualStudioVersion = 16.0.32002.261
MinimumVisualStudioVersion = 10.0.40219.1
Project("{FAE04EC0-301F-11D3-BF4B-00C04F79EFBC}") = "blok1_task2", "blok1_task2.csproj", "{B5BA053B-FC2B-4ECE-92A2-9854ADABF2F9}"
EndProject
Global
	GlobalSection(SolutionConfigurationPlatforms) = preSolution
		Debug|Any CPU = Debug|Any CPU
		Release|Any CPU = Release|Any CPU
	EndGlobalSection
	GlobalSection(ProjectConfigurationPlatforms) = postSolution
		{B5BA053B-FC2B-4ECE-92A2-9854ADABF2F9}.Debug|Any CPU.ActiveCfg = Debug|Any CPU
		{B5BA053B-FC2B-4ECE-92A2-9854ADABF2F9}.Debug|Any CPU.Build.0 = Debug|Any CPU
		{B5BA053B-FC2B-4ECE-92A2-9854ADABF2F9}.Release|Any CPU.ActiveCfg = Release|Any CPU
		{B5BA053B-FC2B-4ECE-92A2-9854ADABF2F9}.Release|Any CPU.Build.0 = Release|Any CPU
	EndGlobalSection
	GlobalSection(SolutionProperties) = preSolution
		HideSolutionNode = FALSE
	EndGlobalSection
	GlobalSection(ExtensibilityGlobals) = postSolution
		SolutionGuid = {AFD2BB9D-4F8E-487B-BC17-CDCD79658B48}
	EndGlobalSection
EndGlobal
