
Microsoft Visual Studio Solution File, Format Version 12.00
# Visual Studio Version 16
VisualStudioVersion = 16.0.32002.261
MinimumVisualStudioVersion = 10.0.40219.1
Project("{FAE04EC0-301F-11D3-BF4B-00C04F79EFBC}") = "Blok3_Task5", "Blok3_Task5.csproj", "{7FB5CDF2-BC28-4C53-93BE-E19983344607}"
EndProject
Global
	GlobalSection(SolutionConfigurationPlatforms) = preSolution
		Debug|Any CPU = Debug|Any CPU
		Release|Any CPU = Release|Any CPU
	EndGlobalSection
	GlobalSection(ProjectConfigurationPlatforms) = postSolution
		{7FB5CDF2-BC28-4C53-93BE-E19983344607}.Debug|Any CPU.ActiveCfg = Debug|Any CPU
		{7FB5CDF2-BC28-4C53-93BE-E19983344607}.Debug|Any CPU.Build.0 = Debug|Any CPU
		{7FB5CDF2-BC28-4C53-93BE-E19983344607}.Release|Any CPU.ActiveCfg = Release|Any CPU
		{7FB5CDF2-BC28-4C53-93BE-E19983344607}.Release|Any CPU.Build.0 = Release|Any CPU
	EndGlobalSection
	GlobalSection(SolutionProperties) = preSolution
		HideSolutionNode = FALSE
	EndGlobalSection
	GlobalSection(ExtensibilityGlobals) = postSolution
		SolutionGuid = {3846013D-E636-4D93-BB62-73AC59561EFA}
	EndGlobalSection
EndGlobal
