
Microsoft Visual Studio Solution File, Format Version 12.00
# Visual Studio Version 16
VisualStudioVersion = 16.0.32002.261
MinimumVisualStudioVersion = 10.0.40219.1
Project("{FAE04EC0-301F-11D3-BF4B-00C04F79EFBC}") = "blok2_task2", "blok2_task2.csproj", "{420BE2EB-C95E-447B-AA4C-ADAB9BC61DA7}"
EndProject
Global
	GlobalSection(SolutionConfigurationPlatforms) = preSolution
		Debug|Any CPU = Debug|Any CPU
		Release|Any CPU = Release|Any CPU
	EndGlobalSection
	GlobalSection(ProjectConfigurationPlatforms) = postSolution
		{420BE2EB-C95E-447B-AA4C-ADAB9BC61DA7}.Debug|Any CPU.ActiveCfg = Debug|Any CPU
		{420BE2EB-C95E-447B-AA4C-ADAB9BC61DA7}.Debug|Any CPU.Build.0 = Debug|Any CPU
		{420BE2EB-C95E-447B-AA4C-ADAB9BC61DA7}.Release|Any CPU.ActiveCfg = Release|Any CPU
		{420BE2EB-C95E-447B-AA4C-ADAB9BC61DA7}.Release|Any CPU.Build.0 = Release|Any CPU
	EndGlobalSection
	GlobalSection(SolutionProperties) = preSolution
		HideSolutionNode = FALSE
	EndGlobalSection
	GlobalSection(ExtensibilityGlobals) = postSolution
		SolutionGuid = {53AC3F23-D024-4C3B-8ACB-3D3618721363}
	EndGlobalSection
EndGlobal
